
Microsoft Visual Studio Solution File, Format Version 12.00
# Visual Studio Version 16
VisualStudioVersion = 16.0.31005.135
MinimumVisualStudioVersion = 10.0.40219.1
Project("{9A19103F-16F7-4668-BE54-9A1E7A4F7556}") = "WatchOut", "WatchOut.csproj", "{4140CBC9-1A7B-450A-A0BC-A2AF1C0579F5}"
EndProject
Global
	GlobalSection(SolutionConfigurationPlatforms) = preSolution
		Debug|Any CPU = Debug|Any CPU
		Release|Any CPU = Release|Any CPU
	EndGlobalSection
	GlobalSection(ProjectConfigurationPlatforms) = postSolution
		{4140CBC9-1A7B-450A-A0BC-A2AF1C0579F5}.Debug|Any CPU.ActiveCfg = Debug|Any CPU
		{4140CBC9-1A7B-450A-A0BC-A2AF1C0579F5}.Debug|Any CPU.Build.0 = Debug|Any CPU
		{4140CBC9-1A7B-450A-A0BC-A2AF1C0579F5}.Release|Any CPU.ActiveCfg = Release|Any CPU
		{4140CBC9-1A7B-450A-A0BC-A2AF1C0579F5}.Release|Any CPU.Build.0 = Release|Any CPU
	EndGlobalSection
	GlobalSection(SolutionProperties) = preSolution
		HideSolutionNode = FALSE
	EndGlobalSection
	GlobalSection(ExtensibilityGlobals) = postSolution
		SolutionGuid = {A288A813-A7B8-464A-873B-DE8EF59E96F6}
	EndGlobalSection
EndGlobal
